
Microsoft Visual Studio Solution File, Format Version 12.00
# Visual Studio 14
VisualStudioVersion = 14.0.25420.1
MinimumVisualStudioVersion = 10.0.40219.1
Project("{8BC9CEB8-8B4A-11D0-8D11-00A0C91BC942}") = "BubbleSorting", "Number1\Number1.vcxproj", "{1B9328CE-46BF-46EF-8643-1DD07B1127BA}"
EndProject
Project("{8BC9CEB8-8B4A-11D0-8D11-00A0C91BC942}") = "FastSorting", "FastSorting\FastSorting.vcxproj", "{D1DFD14E-B734-45C0-A4DC-0F579351D73E}"
EndProject
Project("{8BC9CEB8-8B4A-11D0-8D11-00A0C91BC942}") = "Queue", "Queue\Queue.vcxproj", "{D672B652-F90E-4EB5-B67D-F187BFA9362E}"
EndProject
Project("{8BC9CEB8-8B4A-11D0-8D11-00A0C91BC942}") = "Stack", "Stack\Stack.vcxproj", "{42980772-8C30-4162-9C81-3E2E78B3B3FA}"
EndProject
Project("{8BC9CEB8-8B4A-11D0-8D11-00A0C91BC942}") = "PokeGame", "PokeGame\PokeGame.vcxproj", "{D8982128-A57A-42E8-91F7-5E9B128E3D56}"
EndProject
Project("{8BC9CEB8-8B4A-11D0-8D11-00A0C91BC942}") = "LinkList", "LinkList\LinkList.vcxproj", "{A675BC89-F710-48FA-92BE-A933516B7AE4}"
EndProject
Project("{8BC9CEB8-8B4A-11D0-8D11-00A0C91BC942}") = "BoomMan", "BoomMan\BoomMan.vcxproj", "{A363972B-DE65-48DC-8FAF-E3EC290174A0}"
EndProject
Project("{8BC9CEB8-8B4A-11D0-8D11-00A0C91BC942}") = "DepthFirstSearchExample", "DepthFirstSearchExample\DepthFirstSearchExample.vcxproj", "{731D4500-3501-4DCD-9F85-F84853628C0B}"
EndProject
Project("{8BC9CEB8-8B4A-11D0-8D11-00A0C91BC942}") = "DepthFirstSearchExample2", "DepthFirstSearchExample2\DepthFirstSearchExample2.vcxproj", "{05208326-6856-43C7-A901-187105B40DCA}"
EndProject
Project("{8BC9CEB8-8B4A-11D0-8D11-00A0C91BC942}") = "DepthFisrtSearchExample3", "DepthFisrtSearchExample3\DepthFisrtSearchExample3.vcxproj", "{8925D3BD-3F74-4907-AEE7-C4E272A9BEBE}"
EndProject
Project("{8BC9CEB8-8B4A-11D0-8D11-00A0C91BC942}") = "BreadthFirstSearchExample", "BreadthFirstSearchExample\BreadthFirstSearchExample.vcxproj", "{5C7B77C6-7458-4820-B5EC-1EE4C8B67F15}"
EndProject
Project("{8BC9CEB8-8B4A-11D0-8D11-00A0C91BC942}") = "BreadthFirstSearchExample2", "BreadthFirstSearchExample2\BreadthFirstSearchExample2.vcxproj", "{AAD5986A-6CCB-473A-B2B3-94208F52390C}"
EndProject
Project("{8BC9CEB8-8B4A-11D0-8D11-00A0C91BC942}") = "FloodFill", "FloodFill\FloodFill.vcxproj", "{B5EE5315-450B-4B5A-8F48-1F1D87926BA2}"
EndProject
Project("{8BC9CEB8-8B4A-11D0-8D11-00A0C91BC942}") = "GraphDFS", "GraphDFS\GraphDFS.vcxproj", "{29552DB8-82AC-4A0A-87FF-440A915240C6}"
EndProject
Project("{8BC9CEB8-8B4A-11D0-8D11-00A0C91BC942}") = "GraphBFS", "GraphBFS\GraphBFS.vcxproj", "{1205EA88-4564-47A4-B16A-09585B892754}"
EndProject
Project("{8BC9CEB8-8B4A-11D0-8D11-00A0C91BC942}") = "DFSShortest", "DFSShortest\DFSShortest.vcxproj", "{D6DB4368-E8B7-4316-9464-2A89C9098EC9}"
EndProject
Project("{8BC9CEB8-8B4A-11D0-8D11-00A0C91BC942}") = "BFSShortest", "BFSShortest\BFSShortest.vcxproj", "{A36593E5-6139-43CE-959C-2C45633EC246}"
EndProject
Project("{8BC9CEB8-8B4A-11D0-8D11-00A0C91BC942}") = "FloydWarshall", "FloydWarshall\FloydWarshall.vcxproj", "{DF985788-4631-4DBD-93A2-EBF800F1AFE2}"
EndProject
Project("{8BC9CEB8-8B4A-11D0-8D11-00A0C91BC942}") = "Dijkstra", "Dijkstra\Dijkstra.vcxproj", "{61440CE5-286F-4AB1-AC04-137B1336C5BE}"
EndProject
Project("{8BC9CEB8-8B4A-11D0-8D11-00A0C91BC942}") = "Bellman-Ford", "Bellman-Ford\Bellman-Ford.vcxproj", "{0DCA3A11-6B04-4E91-8C56-FC6FD0495ED0}"
EndProject
Global
	GlobalSection(SolutionConfigurationPlatforms) = preSolution
		Debug|x64 = Debug|x64
		Debug|x86 = Debug|x86
		Release|x64 = Release|x64
		Release|x86 = Release|x86
	EndGlobalSection
	GlobalSection(ProjectConfigurationPlatforms) = postSolution
		{1B9328CE-46BF-46EF-8643-1DD07B1127BA}.Debug|x64.ActiveCfg = Debug|x64
		{1B9328CE-46BF-46EF-8643-1DD07B1127BA}.Debug|x64.Build.0 = Debug|x64
		{1B9328CE-46BF-46EF-8643-1DD07B1127BA}.Debug|x86.ActiveCfg = Debug|Win32
		{1B9328CE-46BF-46EF-8643-1DD07B1127BA}.Debug|x86.Build.0 = Debug|Win32
		{1B9328CE-46BF-46EF-8643-1DD07B1127BA}.Release|x64.ActiveCfg = Release|x64
		{1B9328CE-46BF-46EF-8643-1DD07B1127BA}.Release|x64.Build.0 = Release|x64
		{1B9328CE-46BF-46EF-8643-1DD07B1127BA}.Release|x86.ActiveCfg = Release|Win32
		{1B9328CE-46BF-46EF-8643-1DD07B1127BA}.Release|x86.Build.0 = Release|Win32
		{D1DFD14E-B734-45C0-A4DC-0F579351D73E}.Debug|x64.ActiveCfg = Debug|x64
		{D1DFD14E-B734-45C0-A4DC-0F579351D73E}.Debug|x64.Build.0 = Debug|x64
		{D1DFD14E-B734-45C0-A4DC-0F579351D73E}.Debug|x86.ActiveCfg = Debug|Win32
		{D1DFD14E-B734-45C0-A4DC-0F579351D73E}.Debug|x86.Build.0 = Debug|Win32
		{D1DFD14E-B734-45C0-A4DC-0F579351D73E}.Release|x64.ActiveCfg = Release|x64
		{D1DFD14E-B734-45C0-A4DC-0F579351D73E}.Release|x64.Build.0 = Release|x64
		{D1DFD14E-B734-45C0-A4DC-0F579351D73E}.Release|x86.ActiveCfg = Release|Win32
		{D1DFD14E-B734-45C0-A4DC-0F579351D73E}.Release|x86.Build.0 = Release|Win32
		{D672B652-F90E-4EB5-B67D-F187BFA9362E}.Debug|x64.ActiveCfg = Debug|x64
		{D672B652-F90E-4EB5-B67D-F187BFA9362E}.Debug|x64.Build.0 = Debug|x64
		{D672B652-F90E-4EB5-B67D-F187BFA9362E}.Debug|x86.ActiveCfg = Debug|Win32
		{D672B652-F90E-4EB5-B67D-F187BFA9362E}.Debug|x86.Build.0 = Debug|Win32
		{D672B652-F90E-4EB5-B67D-F187BFA9362E}.Release|x64.ActiveCfg = Release|x64
		{D672B652-F90E-4EB5-B67D-F187BFA9362E}.Release|x64.Build.0 = Release|x64
		{D672B652-F90E-4EB5-B67D-F187BFA9362E}.Release|x86.ActiveCfg = Release|Win32
		{D672B652-F90E-4EB5-B67D-F187BFA9362E}.Release|x86.Build.0 = Release|Win32
		{42980772-8C30-4162-9C81-3E2E78B3B3FA}.Debug|x64.ActiveCfg = Debug|x64
		{42980772-8C30-4162-9C81-3E2E78B3B3FA}.Debug|x64.Build.0 = Debug|x64
		{42980772-8C30-4162-9C81-3E2E78B3B3FA}.Debug|x86.ActiveCfg = Debug|Win32
		{42980772-8C30-4162-9C81-3E2E78B3B3FA}.Debug|x86.Build.0 = Debug|Win32
		{42980772-8C30-4162-9C81-3E2E78B3B3FA}.Release|x64.ActiveCfg = Release|x64
		{42980772-8C30-4162-9C81-3E2E78B3B3FA}.Release|x64.Build.0 = Release|x64
		{42980772-8C30-4162-9C81-3E2E78B3B3FA}.Release|x86.ActiveCfg = Release|Win32
		{42980772-8C30-4162-9C81-3E2E78B3B3FA}.Release|x86.Build.0 = Release|Win32
		{D8982128-A57A-42E8-91F7-5E9B128E3D56}.Debug|x64.ActiveCfg = Debug|x64
		{D8982128-A57A-42E8-91F7-5E9B128E3D56}.Debug|x64.Build.0 = Debug|x64
		{D8982128-A57A-42E8-91F7-5E9B128E3D56}.Debug|x86.ActiveCfg = Debug|Win32
		{D8982128-A57A-42E8-91F7-5E9B128E3D56}.Debug|x86.Build.0 = Debug|Win32
		{D8982128-A57A-42E8-91F7-5E9B128E3D56}.Release|x64.ActiveCfg = Release|x64
		{D8982128-A57A-42E8-91F7-5E9B128E3D56}.Release|x64.Build.0 = Release|x64
		{D8982128-A57A-42E8-91F7-5E9B128E3D56}.Release|x86.ActiveCfg = Release|Win32
		{D8982128-A57A-42E8-91F7-5E9B128E3D56}.Release|x86.Build.0 = Release|Win32
		{A675BC89-F710-48FA-92BE-A933516B7AE4}.Debug|x64.ActiveCfg = Debug|x64
		{A675BC89-F710-48FA-92BE-A933516B7AE4}.Debug|x64.Build.0 = Debug|x64
		{A675BC89-F710-48FA-92BE-A933516B7AE4}.Debug|x86.ActiveCfg = Debug|Win32
		{A675BC89-F710-48FA-92BE-A933516B7AE4}.Debug|x86.Build.0 = Debug|Win32
		{A675BC89-F710-48FA-92BE-A933516B7AE4}.Release|x64.ActiveCfg = Release|x64
		{A675BC89-F710-48FA-92BE-A933516B7AE4}.Release|x64.Build.0 = Release|x64
		{A675BC89-F710-48FA-92BE-A933516B7AE4}.Release|x86.ActiveCfg = Release|Win32
		{A675BC89-F710-48FA-92BE-A933516B7AE4}.Release|x86.Build.0 = Release|Win32
		{A363972B-DE65-48DC-8FAF-E3EC290174A0}.Debug|x64.ActiveCfg = Debug|x64
		{A363972B-DE65-48DC-8FAF-E3EC290174A0}.Debug|x64.Build.0 = Debug|x64
		{A363972B-DE65-48DC-8FAF-E3EC290174A0}.Debug|x86.ActiveCfg = Debug|Win32
		{A363972B-DE65-48DC-8FAF-E3EC290174A0}.Debug|x86.Build.0 = Debug|Win32
		{A363972B-DE65-48DC-8FAF-E3EC290174A0}.Release|x64.ActiveCfg = Release|x64
		{A363972B-DE65-48DC-8FAF-E3EC290174A0}.Release|x64.Build.0 = Release|x64
		{A363972B-DE65-48DC-8FAF-E3EC290174A0}.Release|x86.ActiveCfg = Release|Win32
		{A363972B-DE65-48DC-8FAF-E3EC290174A0}.Release|x86.Build.0 = Release|Win32
		{731D4500-3501-4DCD-9F85-F84853628C0B}.Debug|x64.ActiveCfg = Debug|x64
		{731D4500-3501-4DCD-9F85-F84853628C0B}.Debug|x64.Build.0 = Debug|x64
		{731D4500-3501-4DCD-9F85-F84853628C0B}.Debug|x86.ActiveCfg = Debug|Win32
		{731D4500-3501-4DCD-9F85-F84853628C0B}.Debug|x86.Build.0 = Debug|Win32
		{731D4500-3501-4DCD-9F85-F84853628C0B}.Release|x64.ActiveCfg = Release|x64
		{731D4500-3501-4DCD-9F85-F84853628C0B}.Release|x64.Build.0 = Release|x64
		{731D4500-3501-4DCD-9F85-F84853628C0B}.Release|x86.ActiveCfg = Release|Win32
		{731D4500-3501-4DCD-9F85-F84853628C0B}.Release|x86.Build.0 = Release|Win32
		{05208326-6856-43C7-A901-187105B40DCA}.Debug|x64.ActiveCfg = Debug|x64
		{05208326-6856-43C7-A901-187105B40DCA}.Debug|x64.Build.0 = Debug|x64
		{05208326-6856-43C7-A901-187105B40DCA}.Debug|x86.ActiveCfg = Debug|Win32
		{05208326-6856-43C7-A901-187105B40DCA}.Debug|x86.Build.0 = Debug|Win32
		{05208326-6856-43C7-A901-187105B40DCA}.Release|x64.ActiveCfg = Release|x64
		{05208326-6856-43C7-A901-187105B40DCA}.Release|x64.Build.0 = Release|x64
		{05208326-6856-43C7-A901-187105B40DCA}.Release|x86.ActiveCfg = Release|Win32
		{05208326-6856-43C7-A901-187105B40DCA}.Release|x86.Build.0 = Release|Win32
		{8925D3BD-3F74-4907-AEE7-C4E272A9BEBE}.Debug|x64.ActiveCfg = Debug|x64
		{8925D3BD-3F74-4907-AEE7-C4E272A9BEBE}.Debug|x64.Build.0 = Debug|x64
		{8925D3BD-3F74-4907-AEE7-C4E272A9BEBE}.Debug|x86.ActiveCfg = Debug|Win32
		{8925D3BD-3F74-4907-AEE7-C4E272A9BEBE}.Debug|x86.Build.0 = Debug|Win32
		{8925D3BD-3F74-4907-AEE7-C4E272A9BEBE}.Release|x64.ActiveCfg = Release|x64
		{8925D3BD-3F74-4907-AEE7-C4E272A9BEBE}.Release|x64.Build.0 = Release|x64
		{8925D3BD-3F74-4907-AEE7-C4E272A9BEBE}.Release|x86.ActiveCfg = Release|Win32
		{8925D3BD-3F74-4907-AEE7-C4E272A9BEBE}.Release|x86.Build.0 = Release|Win32
		{5C7B77C6-7458-4820-B5EC-1EE4C8B67F15}.Debug|x64.ActiveCfg = Debug|x64
		{5C7B77C6-7458-4820-B5EC-1EE4C8B67F15}.Debug|x64.Build.0 = Debug|x64
		{5C7B77C6-7458-4820-B5EC-1EE4C8B67F15}.Debug|x86.ActiveCfg = Debug|Win32
		{5C7B77C6-7458-4820-B5EC-1EE4C8B67F15}.Debug|x86.Build.0 = Debug|Win32
		{5C7B77C6-7458-4820-B5EC-1EE4C8B67F15}.Release|x64.ActiveCfg = Release|x64
		{5C7B77C6-7458-4820-B5EC-1EE4C8B67F15}.Release|x64.Build.0 = Release|x64
		{5C7B77C6-7458-4820-B5EC-1EE4C8B67F15}.Release|x86.ActiveCfg = Release|Win32
		{5C7B77C6-7458-4820-B5EC-1EE4C8B67F15}.Release|x86.Build.0 = Release|Win32
		{AAD5986A-6CCB-473A-B2B3-94208F52390C}.Debug|x64.ActiveCfg = Debug|x64
		{AAD5986A-6CCB-473A-B2B3-94208F52390C}.Debug|x64.Build.0 = Debug|x64
		{AAD5986A-6CCB-473A-B2B3-94208F52390C}.Debug|x86.ActiveCfg = Debug|Win32
		{AAD5986A-6CCB-473A-B2B3-94208F52390C}.Debug|x86.Build.0 = Debug|Win32
		{AAD5986A-6CCB-473A-B2B3-94208F52390C}.Release|x64.ActiveCfg = Release|x64
		{AAD5986A-6CCB-473A-B2B3-94208F52390C}.Release|x64.Build.0 = Release|x64
		{AAD5986A-6CCB-473A-B2B3-94208F52390C}.Release|x86.ActiveCfg = Release|Win32
		{AAD5986A-6CCB-473A-B2B3-94208F52390C}.Release|x86.Build.0 = Release|Win32
		{B5EE5315-450B-4B5A-8F48-1F1D87926BA2}.Debug|x64.ActiveCfg = Debug|x64
		{B5EE5315-450B-4B5A-8F48-1F1D87926BA2}.Debug|x64.Build.0 = Debug|x64
		{B5EE5315-450B-4B5A-8F48-1F1D87926BA2}.Debug|x86.ActiveCfg = Debug|Win32
		{B5EE5315-450B-4B5A-8F48-1F1D87926BA2}.Debug|x86.Build.0 = Debug|Win32
		{B5EE5315-450B-4B5A-8F48-1F1D87926BA2}.Release|x64.ActiveCfg = Release|x64
		{B5EE5315-450B-4B5A-8F48-1F1D87926BA2}.Release|x64.Build.0 = Release|x64
		{B5EE5315-450B-4B5A-8F48-1F1D87926BA2}.Release|x86.ActiveCfg = Release|Win32
		{B5EE5315-450B-4B5A-8F48-1F1D87926BA2}.Release|x86.Build.0 = Release|Win32
		{29552DB8-82AC-4A0A-87FF-440A915240C6}.Debug|x64.ActiveCfg = Debug|x64
		{29552DB8-82AC-4A0A-87FF-440A915240C6}.Debug|x64.Build.0 = Debug|x64
		{29552DB8-82AC-4A0A-87FF-440A915240C6}.Debug|x86.ActiveCfg = Debug|Win32
		{29552DB8-82AC-4A0A-87FF-440A915240C6}.Debug|x86.Build.0 = Debug|Win32
		{29552DB8-82AC-4A0A-87FF-440A915240C6}.Release|x64.ActiveCfg = Release|x64
		{29552DB8-82AC-4A0A-87FF-440A915240C6}.Release|x64.Build.0 = Release|x64
		{29552DB8-82AC-4A0A-87FF-440A915240C6}.Release|x86.ActiveCfg = Release|Win32
		{29552DB8-82AC-4A0A-87FF-440A915240C6}.Release|x86.Build.0 = Release|Win32
		{1205EA88-4564-47A4-B16A-09585B892754}.Debug|x64.ActiveCfg = Debug|x64
		{1205EA88-4564-47A4-B16A-09585B892754}.Debug|x64.Build.0 = Debug|x64
		{1205EA88-4564-47A4-B16A-09585B892754}.Debug|x86.ActiveCfg = Debug|Win32
		{1205EA88-4564-47A4-B16A-09585B892754}.Debug|x86.Build.0 = Debug|Win32
		{1205EA88-4564-47A4-B16A-09585B892754}.Release|x64.ActiveCfg = Release|x64
		{1205EA88-4564-47A4-B16A-09585B892754}.Release|x64.Build.0 = Release|x64
		{1205EA88-4564-47A4-B16A-09585B892754}.Release|x86.ActiveCfg = Release|Win32
		{1205EA88-4564-47A4-B16A-09585B892754}.Release|x86.Build.0 = Release|Win32
		{D6DB4368-E8B7-4316-9464-2A89C9098EC9}.Debug|x64.ActiveCfg = Debug|x64
		{D6DB4368-E8B7-4316-9464-2A89C9098EC9}.Debug|x64.Build.0 = Debug|x64
		{D6DB4368-E8B7-4316-9464-2A89C9098EC9}.Debug|x86.ActiveCfg = Debug|Win32
		{D6DB4368-E8B7-4316-9464-2A89C9098EC9}.Debug|x86.Build.0 = Debug|Win32
		{D6DB4368-E8B7-4316-9464-2A89C9098EC9}.Release|x64.ActiveCfg = Release|x64
		{D6DB4368-E8B7-4316-9464-2A89C9098EC9}.Release|x64.Build.0 = Release|x64
		{D6DB4368-E8B7-4316-9464-2A89C9098EC9}.Release|x86.ActiveCfg = Release|Win32
		{D6DB4368-E8B7-4316-9464-2A89C9098EC9}.Release|x86.Build.0 = Release|Win32
		{A36593E5-6139-43CE-959C-2C45633EC246}.Debug|x64.ActiveCfg = Debug|x64
		{A36593E5-6139-43CE-959C-2C45633EC246}.Debug|x64.Build.0 = Debug|x64
		{A36593E5-6139-43CE-959C-2C45633EC246}.Debug|x86.ActiveCfg = Debug|Win32
		{A36593E5-6139-43CE-959C-2C45633EC246}.Debug|x86.Build.0 = Debug|Win32
		{A36593E5-6139-43CE-959C-2C45633EC246}.Release|x64.ActiveCfg = Release|x64
		{A36593E5-6139-43CE-959C-2C45633EC246}.Release|x64.Build.0 = Release|x64
		{A36593E5-6139-43CE-959C-2C45633EC246}.Release|x86.ActiveCfg = Release|Win32
		{A36593E5-6139-43CE-959C-2C45633EC246}.Release|x86.Build.0 = Release|Win32
		{DF985788-4631-4DBD-93A2-EBF800F1AFE2}.Debug|x64.ActiveCfg = Debug|x64
		{DF985788-4631-4DBD-93A2-EBF800F1AFE2}.Debug|x64.Build.0 = Debug|x64
		{DF985788-4631-4DBD-93A2-EBF800F1AFE2}.Debug|x86.ActiveCfg = Debug|Win32
		{DF985788-4631-4DBD-93A2-EBF800F1AFE2}.Debug|x86.Build.0 = Debug|Win32
		{DF985788-4631-4DBD-93A2-EBF800F1AFE2}.Release|x64.ActiveCfg = Release|x64
		{DF985788-4631-4DBD-93A2-EBF800F1AFE2}.Release|x64.Build.0 = Release|x64
		{DF985788-4631-4DBD-93A2-EBF800F1AFE2}.Release|x86.ActiveCfg = Release|Win32
		{DF985788-4631-4DBD-93A2-EBF800F1AFE2}.Release|x86.Build.0 = Release|Win32
		{61440CE5-286F-4AB1-AC04-137B1336C5BE}.Debug|x64.ActiveCfg = Debug|x64
		{61440CE5-286F-4AB1-AC04-137B1336C5BE}.Debug|x64.Build.0 = Debug|x64
		{61440CE5-286F-4AB1-AC04-137B1336C5BE}.Debug|x86.ActiveCfg = Debug|Win32
		{61440CE5-286F-4AB1-AC04-137B1336C5BE}.Debug|x86.Build.0 = Debug|Win32
		{61440CE5-286F-4AB1-AC04-137B1336C5BE}.Release|x64.ActiveCfg = Release|x64
		{61440CE5-286F-4AB1-AC04-137B1336C5BE}.Release|x64.Build.0 = Release|x64
		{61440CE5-286F-4AB1-AC04-137B1336C5BE}.Release|x86.ActiveCfg = Release|Win32
		{61440CE5-286F-4AB1-AC04-137B1336C5BE}.Release|x86.Build.0 = Release|Win32
		{0DCA3A11-6B04-4E91-8C56-FC6FD0495ED0}.Debug|x64.ActiveCfg = Debug|x64
		{0DCA3A11-6B04-4E91-8C56-FC6FD0495ED0}.Debug|x64.Build.0 = Debug|x64
		{0DCA3A11-6B04-4E91-8C56-FC6FD0495ED0}.Debug|x86.ActiveCfg = Debug|Win32
		{0DCA3A11-6B04-4E91-8C56-FC6FD0495ED0}.Debug|x86.Build.0 = Debug|Win32
		{0DCA3A11-6B04-4E91-8C56-FC6FD0495ED0}.Release|x64.ActiveCfg = Release|x64
		{0DCA3A11-6B04-4E91-8C56-FC6FD0495ED0}.Release|x64.Build.0 = Release|x64
		{0DCA3A11-6B04-4E91-8C56-FC6FD0495ED0}.Release|x86.ActiveCfg = Release|Win32
		{0DCA3A11-6B04-4E91-8C56-FC6FD0495ED0}.Release|x86.Build.0 = Release|Win32
	EndGlobalSection
	GlobalSection(SolutionProperties) = preSolution
		HideSolutionNode = FALSE
	EndGlobalSection
EndGlobal
